{
  "requires": true,
  "lockfileVersion": 1,
  "dependencies": {
    "uview-ui": {
      "version": "2.0.20",
      "resolved": "https://registry.npmmirror.com/uview-ui/download/uview-ui-2.0.20.tgz",
      "integrity": "sha512-pPITYm38dffcFdAYdb4WdC9MqC5o5d8RAk+PthMSkaxWNDKneY2O4nJRpZg5i0nmVZC/8SOv0SekSFW9NBCmNA=="
    }
  }
}
